
Microsoft Visual Studio Solution File, Format Version 12.00
# Visual Studio Version 16
VisualStudioVersion = 16.0.30503.244
MinimumVisualStudioVersion = 15.0.26124.0
Project("{2150E333-8FDC-42A3-9474-1A3956D46DE8}") = "test", "test", "{DE5D710E-2B98-42F1-8E4B-E16A75C6D566}"
EndProject
Project("{9A19103F-16F7-4668-BE54-9A1E7A4F7556}") = "UnitTests", "test\Extensionsions.Configuration.Object.UnitTests\UnitTests.csproj", "{7653901A-5E68-46EE-853E-CFA1AA9950F9}"
EndProject
Project("{9A19103F-16F7-4668-BE54-9A1E7A4F7556}") = "Extensions.Configuration.Object", "src\Extensions.Configuration.Object\Extensions.Configuration.Object.csproj", "{DADDEA83-7AE9-4EF8-B826-1500FE514467}"
EndProject
Global
	GlobalSection(SolutionConfigurationPlatforms) = preSolution
		Debug|Any CPU = Debug|Any CPU
		Debug|x64 = Debug|x64
		Debug|x86 = Debug|x86
		Release|Any CPU = Release|Any CPU
		Release|x64 = Release|x64
		Release|x86 = Release|x86
	EndGlobalSection
	GlobalSection(ProjectConfigurationPlatforms) = postSolution
		{7653901A-5E68-46EE-853E-CFA1AA9950F9}.Debug|Any CPU.ActiveCfg = Debug|Any CPU
		{7653901A-5E68-46EE-853E-CFA1AA9950F9}.Debug|Any CPU.Build.0 = Debug|Any CPU
		{7653901A-5E68-46EE-853E-CFA1AA9950F9}.Debug|x64.ActiveCfg = Debug|Any CPU
		{7653901A-5E68-46EE-853E-CFA1AA9950F9}.Debug|x64.Build.0 = Debug|Any CPU
		{7653901A-5E68-46EE-853E-CFA1AA9950F9}.Debug|x86.ActiveCfg = Debug|Any CPU
		{7653901A-5E68-46EE-853E-CFA1AA9950F9}.Debug|x86.Build.0 = Debug|Any CPU
		{7653901A-5E68-46EE-853E-CFA1AA9950F9}.Release|Any CPU.ActiveCfg = Release|Any CPU
		{7653901A-5E68-46EE-853E-CFA1AA9950F9}.Release|Any CPU.Build.0 = Release|Any CPU
		{7653901A-5E68-46EE-853E-CFA1AA9950F9}.Release|x64.ActiveCfg = Release|Any CPU
		{7653901A-5E68-46EE-853E-CFA1AA9950F9}.Release|x64.Build.0 = Release|Any CPU
		{7653901A-5E68-46EE-853E-CFA1AA9950F9}.Release|x86.ActiveCfg = Release|Any CPU
		{7653901A-5E68-46EE-853E-CFA1AA9950F9}.Release|x86.Build.0 = Release|Any CPU
		{DADDEA83-7AE9-4EF8-B826-1500FE514467}.Debug|Any CPU.ActiveCfg = Debug|Any CPU
		{DADDEA83-7AE9-4EF8-B826-1500FE514467}.Debug|Any CPU.Build.0 = Debug|Any CPU
		{DADDEA83-7AE9-4EF8-B826-1500FE514467}.Debug|x64.ActiveCfg = Debug|Any CPU
		{DADDEA83-7AE9-4EF8-B826-1500FE514467}.Debug|x64.Build.0 = Debug|Any CPU
		{DADDEA83-7AE9-4EF8-B826-1500FE514467}.Debug|x86.ActiveCfg = Debug|Any CPU
		{DADDEA83-7AE9-4EF8-B826-1500FE514467}.Debug|x86.Build.0 = Debug|Any CPU
		{DADDEA83-7AE9-4EF8-B826-1500FE514467}.Release|Any CPU.ActiveCfg = Release|Any CPU
		{DADDEA83-7AE9-4EF8-B826-1500FE514467}.Release|Any CPU.Build.0 = Release|Any CPU
		{DADDEA83-7AE9-4EF8-B826-1500FE514467}.Release|x64.ActiveCfg = Release|Any CPU
		{DADDEA83-7AE9-4EF8-B826-1500FE514467}.Release|x64.Build.0 = Release|Any CPU
		{DADDEA83-7AE9-4EF8-B826-1500FE514467}.Release|x86.ActiveCfg = Release|Any CPU
		{DADDEA83-7AE9-4EF8-B826-1500FE514467}.Release|x86.Build.0 = Release|Any CPU
	EndGlobalSection
	GlobalSection(SolutionProperties) = preSolution
		HideSolutionNode = FALSE
	EndGlobalSection
	GlobalSection(NestedProjects) = preSolution
		{7653901A-5E68-46EE-853E-CFA1AA9950F9} = {DE5D710E-2B98-42F1-8E4B-E16A75C6D566}
	EndGlobalSection
	GlobalSection(ExtensibilityGlobals) = postSolution
		SolutionGuid = {4EC01313-2DCE-42CE-B022-1EA967A62372}
	EndGlobalSection
EndGlobal
